<?xml version="1.0" encoding="utf-8"?>
<Project ToolsVersion="4.0" xmlns="http://schemas.microsoft.com/developer/msbuild/2003">
  <ItemGroup>
    <Filter Include="Source Files">
      <UniqueIdentifier>{4FC737F1-C7A5-4376-A066-2A32D752A2FF}</UniqueIdentifier>
      <Extensions>cpp;c;cc;cxx;def;odl;idl;hpj;bat;asm;asmx</Extensions>
    </Filter>
    <Filter Include="Header Files">
      <UniqueIdentifier>{93995380-89BD-4b04-88EB-625FBE52EBFB}</UniqueIdentifier>
      <Extensions>h;hh;hpp;hxx;hm;inl;inc;xsd</Extensions>
    </Filter>
    <Filter Include="Resource Files">
      <UniqueIdentifier>{67DA6AB6-F800-4c08-8B7A-83BB121AAD01}</UniqueIdentifier>
      <Extensions>rc;ico;cur;bmp;dlg;rc2;rct;bin;rgs;gif;jpg;jpeg;jpe;resx;tiff;tif;png;wav;mfcribbon-ms</Extensions>
    </Filter>
    <Filter Include="Test Files">
      <UniqueIdentifier>{20c1d459-486b-47d9-8374-3c14ddf26063}</UniqueIdentifier>
    </Filter>
    <Filter Include="Documentation">
      <UniqueIdentifier>{409db58e-2374-459a-97f2-50d32917d415}</UniqueIdentifier>
    </Filter>
  </ItemGroup>
  <ItemGroup>
    <None Include="..\docs\have_same_signedness.md">
      <Filter>Documentation</Filter>
    </None>
    <None Include="..\docs\is_integer_like.md">
      <Filter>Documentation</Filter>
    </None>
    <None Include="..\.gitignore" />
    <None Include="..\LICENSE.md" />
    <None Include="..\README.md" />
    <None Include="..\.gitattributes" />
    <None Include="..\.travis.yml" />
    <None Include="..\docs\has_eq_or_greater_range.md">
      <Filter>Documentation</Filter>
    </None>
  </ItemGroup>
  <ItemGroup>
    <ClCompile Include="..\test\has_char_traits.cpp">
      <Filter>Test Files</Filter>
    </ClCompile>
    <ClCompile Include="..\test\has_eq_or_greater_range.cpp">
      <Filter>Test Files</Filter>
    </ClCompile>
    <ClCompile Include="..\test\have_same_signedness.cpp">
      <Filter>Test Files</Filter>
    </ClCompile>
    <ClCompile Include="..\test\is_integer_like.cpp">
      <Filter>Test Files</Filter>
    </ClCompile>
    <ClCompile Include="..\test\safe_to_int.cpp">
      <Filter>Test Files</Filter>
    </ClCompile>
    <ClCompile Include="..\test\smallest_integer.cpp">
      <Filter>Test Files</Filter>
    </ClCompile>
    <ClCompile Include="..\test\traits.cpp">
      <Filter>Test Files</Filter>
    </ClCompile>
    <ClCompile Include="..\test\width_as_integer.cpp">
      <Filter>Test Files</Filter>
    </ClCompile>
  </ItemGroup>
  <ItemGroup>
    <ClInclude Include="..\utility.h">
      <Filter>Header Files</Filter>
    </ClInclude>
    <ClInclude Include="..\deps\catch.h">
      <Filter>Header Files</Filter>
    </ClInclude>
  </ItemGroup>
</Project>